
Microsoft Visual Studio Solution File, Format Version 12.00
# Visual Studio Version 17
VisualStudioVersion = 17.3.32825.248
MinimumVisualStudioVersion = 10.0.40219.1
Project("{FAE04EC0-301F-11D3-BF4B-00C04F79EFBC}") = "InspectionAPI", "InspectionAPI\InspectionAPI.csproj", "{CBA13F95-B07E-4C28-ABAB-012E7A38B18E}"
EndProject
Global
	GlobalSection(SolutionConfigurationPlatforms) = preSolution
		Debug|Any CPU = Debug|Any CPU
		Release|Any CPU = Release|Any CPU
	EndGlobalSection
	GlobalSection(ProjectConfigurationPlatforms) = postSolution
		{CBA13F95-B07E-4C28-ABAB-012E7A38B18E}.Debug|Any CPU.ActiveCfg = Debug|Any CPU
		{CBA13F95-B07E-4C28-ABAB-012E7A38B18E}.Debug|Any CPU.Build.0 = Debug|Any CPU
		{CBA13F95-B07E-4C28-ABAB-012E7A38B18E}.Release|Any CPU.ActiveCfg = Release|Any CPU
		{CBA13F95-B07E-4C28-ABAB-012E7A38B18E}.Release|Any CPU.Build.0 = Release|Any CPU
	EndGlobalSection
	GlobalSection(SolutionProperties) = preSolution
		HideSolutionNode = FALSE
	EndGlobalSection
	GlobalSection(ExtensibilityGlobals) = postSolution
		SolutionGuid = {38A93BDF-9CFC-42F9-B1A0-C8E04AF42F28}
	EndGlobalSection
EndGlobal
